
Microsoft Visual Studio Solution File, Format Version 11.00
# Visual Studio 2010
Project("{FAE04EC0-301F-11D3-BF4B-00C04F79EFBC}") = "New Unity Project777", "Assembly-CSharp.csproj", "{AA01C6BC-E1C1-4A0E-F1EB-DB2D74567C50}"
EndProject
Project("{FAE04EC0-301F-11D3-BF4B-00C04F79EFBC}") = "New Unity Project777", "Assembly-CSharp-firstpass.csproj", "{A0402BF2-BEE4-8E6F-0D61-B5908B355B9D}"
EndProject
Project("{FAE04EC0-301F-11D3-BF4B-00C04F79EFBC}") = "New Unity Project777", "Assembly-CSharp-Editor.csproj", "{AF985E33-D4EF-F3B5-D62A-E07D4A5C88A9}"
EndProject
Project("{FAE04EC0-301F-11D3-BF4B-00C04F79EFBC}") = "New Unity Project777", "Assembly-CSharp-Editor-firstpass.csproj", "{665CD051-6B22-52D3-CDCC-26900C597EA9}"
EndProject
Global
	GlobalSection(SolutionConfigurationPlatforms) = preSolution
		Debug|Any CPU = Debug|Any CPU
		Release|Any CPU = Release|Any CPU
	EndGlobalSection
	GlobalSection(ProjectConfigurationPlatforms) = postSolution
		{AA01C6BC-E1C1-4A0E-F1EB-DB2D74567C50}.Debug|Any CPU.ActiveCfg = Debug|Any CPU
		{AA01C6BC-E1C1-4A0E-F1EB-DB2D74567C50}.Debug|Any CPU.Build.0 = Debug|Any CPU
		{AA01C6BC-E1C1-4A0E-F1EB-DB2D74567C50}.Release|Any CPU.ActiveCfg = Release|Any CPU
		{AA01C6BC-E1C1-4A0E-F1EB-DB2D74567C50}.Release|Any CPU.Build.0 = Release|Any CPU
		{A0402BF2-BEE4-8E6F-0D61-B5908B355B9D}.Debug|Any CPU.ActiveCfg = Debug|Any CPU
		{A0402BF2-BEE4-8E6F-0D61-B5908B355B9D}.Debug|Any CPU.Build.0 = Debug|Any CPU
		{A0402BF2-BEE4-8E6F-0D61-B5908B355B9D}.Release|Any CPU.ActiveCfg = Release|Any CPU
		{A0402BF2-BEE4-8E6F-0D61-B5908B355B9D}.Release|Any CPU.Build.0 = Release|Any CPU
		{AF985E33-D4EF-F3B5-D62A-E07D4A5C88A9}.Debug|Any CPU.ActiveCfg = Debug|Any CPU
		{AF985E33-D4EF-F3B5-D62A-E07D4A5C88A9}.Debug|Any CPU.Build.0 = Debug|Any CPU
		{AF985E33-D4EF-F3B5-D62A-E07D4A5C88A9}.Release|Any CPU.ActiveCfg = Release|Any CPU
		{AF985E33-D4EF-F3B5-D62A-E07D4A5C88A9}.Release|Any CPU.Build.0 = Release|Any CPU
		{665CD051-6B22-52D3-CDCC-26900C597EA9}.Debug|Any CPU.ActiveCfg = Debug|Any CPU
		{665CD051-6B22-52D3-CDCC-26900C597EA9}.Debug|Any CPU.Build.0 = Debug|Any CPU
		{665CD051-6B22-52D3-CDCC-26900C597EA9}.Release|Any CPU.ActiveCfg = Release|Any CPU
		{665CD051-6B22-52D3-CDCC-26900C597EA9}.Release|Any CPU.Build.0 = Release|Any CPU
	EndGlobalSection
	GlobalSection(SolutionProperties) = preSolution
		HideSolutionNode = FALSE
	EndGlobalSection
	GlobalSection(MonoDevelopProperties) = preSolution
		StartupItem = Assembly-CSharp.csproj
	EndGlobalSection
EndGlobal
